
Microsoft Visual Studio Solution File, Format Version 12.00
# Visual Studio Version 16
VisualStudioVersion = 16.0.31515.178
MinimumVisualStudioVersion = 10.0.40219.1
Project("{FAE04EC0-301F-11D3-BF4B-00C04F79EFBC}") = "Selenium", "Selenium\Selenium.csproj", "{09812B5A-E8D1-47C2-823A-CFC54760ADBE}"
EndProject
Global
	GlobalSection(SolutionConfigurationPlatforms) = preSolution
		Debug|Any CPU = Debug|Any CPU
		Release|Any CPU = Release|Any CPU
	EndGlobalSection
	GlobalSection(ProjectConfigurationPlatforms) = postSolution
		{09812B5A-E8D1-47C2-823A-CFC54760ADBE}.Debug|Any CPU.ActiveCfg = Debug|Any CPU
		{09812B5A-E8D1-47C2-823A-CFC54760ADBE}.Debug|Any CPU.Build.0 = Debug|Any CPU
		{09812B5A-E8D1-47C2-823A-CFC54760ADBE}.Release|Any CPU.ActiveCfg = Release|Any CPU
		{09812B5A-E8D1-47C2-823A-CFC54760ADBE}.Release|Any CPU.Build.0 = Release|Any CPU
	EndGlobalSection
	GlobalSection(SolutionProperties) = preSolution
		HideSolutionNode = FALSE
	EndGlobalSection
	GlobalSection(ExtensibilityGlobals) = postSolution
		SolutionGuid = {5A8A3DA2-A611-4A18-9224-F8392E2C1CC8}
	EndGlobalSection
EndGlobal
